version = 1
revision = 3
requires-python = ">=3.10"

[[package]]
name = "fbuild"
version = "2.2.8"
source = { editable = "." }
dependencies = [
    { name = "zccache" },
]

[package.dev-dependencies]
dev = [
    { name = "fbuild-dev-tools" },
]

[package.metadata]
requires-dist = [{ name = "zccache", specifier = ">=1.8.2" }]

[package.metadata.requires-dev]
dev = [{ name = "fbuild-dev-tools", editable = "ci/dev-tools" }]

[[package]]
name = "fbuild-dev-tools"
version = "0.0.0"
source = { editable = "ci/dev-tools" }

[[package]]
name = "zccache"
version = "1.8.2"
source = { registry = "https://pypi.org/simple" }
wheels = [
    { url = "https://files.pythonhosted.org/packages/0b/fb/40cfe8df8c2ac6c250b08845873f98eeca6352325d7af8f10bb28a6faa16/zccache-1.8.2-py3-none-macosx_10_12_x86_64.whl", hash = "sha256:b960c703d05e6bedace35be51db1cf477cd94aeba35afb93c919f1860233d4dd", size = 12400172, upload-time = "2026-05-22T14:27:25.927Z" },
    { url = "https://files.pythonhosted.org/packages/ac/38/78525b2f66d921e1042592300b24107b7f512082a62d00fa769c416cf0d7/zccache-1.8.2-py3-none-macosx_11_0_arm64.whl", hash = "sha256:b9b7ce451e7a7c6696c7b8008dcde92dd8cb35fd20a978cc4afe0c05c2c85aa9", size = 11877951, upload-time = "2026-05-22T14:27:29.317Z" },
    { url = "https://files.pythonhosted.org/packages/f8/84/e3f73a89d89d7cd6d443e0de0f0b8d7fdaf50aa2f9ca8196b111b32ded37/zccache-1.8.2-py3-none-manylinux_2_17_aarch64.whl", hash = "sha256:c0d2e62faa7e994ca6889b2864092da6c6ce71de8aa2c2d0637c084434791883", size = 13982209, upload-time = "2026-05-22T14:27:32.007Z" },
    { url = "https://files.pythonhosted.org/packages/03/9a/4a13ae46798ee1b7530ba3a0e9359a36829be7c0ea7b6cd52241bb55e5a4/zccache-1.8.2-py3-none-manylinux_2_17_x86_64.whl", hash = "sha256:cb75a827ea79d275d130775ea7c41a7d035faca4040fb0d8dbdba69f3222d588", size = 14414946, upload-time = "2026-05-22T14:27:35.551Z" },
    { url = "https://files.pythonhosted.org/packages/80/c9/1ab6c223d905320d8130a35bca39128c3950375607ba75beb571a1a8f333/zccache-1.8.2-py3-none-win_amd64.whl", hash = "sha256:6f21c6fb2ecad6b958723be4216127d1c5700bc9d9651d3ce2db57401ba8e88e", size = 11682901, upload-time = "2026-05-22T14:27:38.72Z" },
    { url = "https://files.pythonhosted.org/packages/f4/51/6b84d6f7145b844a01740d36db4cfbdc43aadb911df1a3439fb5f454910c/zccache-1.8.2-py3-none-win_arm64.whl", hash = "sha256:b607217557af61b876ff193b636c5d6165447d67628deefb2f67c0e0c6d8ffd5", size = 10879203, upload-time = "2026-05-22T14:27:41.741Z" },
]
