version = 1
revision = 3
requires-python = ">=3.10"

[[package]]
name = "fbuild"
version = "2.2.14"
source = { editable = "." }
dependencies = [
    { name = "zccache" },
]

[package.dev-dependencies]
dev = [
    { name = "fbuild-dev-tools" },
]

[package.metadata]
requires-dist = [{ name = "zccache", specifier = ">=1.11.10" }]

[package.metadata.requires-dev]
dev = [{ name = "fbuild-dev-tools", editable = "ci/dev-tools" }]

[[package]]
name = "fbuild-dev-tools"
version = "0.0.0"
source = { editable = "ci/dev-tools" }

[[package]]
name = "zccache"
version = "1.11.10"
source = { registry = "https://pypi.org/simple" }
wheels = [
    { url = "https://files.pythonhosted.org/packages/1b/41/812f7deadbfe251ad4fa6b0fc93dc750af38f53c2cded0103a92bea5e5d4/zccache-1.11.10-py3-none-macosx_10_12_x86_64.whl", hash = "sha256:3267ce0a1a832aa51f067f96e02eb74c03b585ffc03e04a39d40831a2b9ab0b0", size = 13581494, upload-time = "2026-06-01T19:37:56.866Z" },
    { url = "https://files.pythonhosted.org/packages/e5/30/dccbe928ec87fa366bf9185a4a7df9d4b0a2c25f9dbfcefbcfae7542c26d/zccache-1.11.10-py3-none-macosx_11_0_arm64.whl", hash = "sha256:9174510b5e739234f3aa8890a58424c693e84b83bf7bdb2c273010fd9b589271", size = 12959534, upload-time = "2026-06-01T19:37:59.296Z" },
    { url = "https://files.pythonhosted.org/packages/f2/36/dffde54c3a8372a74957fdb020dbe74a855d922868656009e09edbeac668/zccache-1.11.10-py3-none-manylinux_2_17_aarch64.whl", hash = "sha256:06e64965d8f536e922066159482133aa7ae555b77914239891b8afc9b2b6b26c", size = 15422004, upload-time = "2026-06-01T19:38:01.42Z" },
    { url = "https://files.pythonhosted.org/packages/ae/3b/a14bfcbaf579f118ecc11418632097eee0cccd547ce06195ec3573d66681/zccache-1.11.10-py3-none-manylinux_2_17_x86_64.whl", hash = "sha256:ce2b97fde4fb03a0d51c95e29c3ec158a57e2f6962244120bef237a16a0f2b0e", size = 17157757, upload-time = "2026-06-01T19:38:03.685Z" },
    { url = "https://files.pythonhosted.org/packages/0e/df/5f1843b3b32854cde0eb95c175e9e1a8efcc83d364400205f55aeb287839/zccache-1.11.10-py3-none-win_amd64.whl", hash = "sha256:56ece66142007c62894f9970bb5cf2f4dab335f9faefc4621552caac623bc482", size = 13637140, upload-time = "2026-06-01T19:38:05.872Z" },
    { url = "https://files.pythonhosted.org/packages/0a/1f/a54aa3fc5aede23082b1a725cae8a50dc85c8ed8098f26fe6b7355f975c1/zccache-1.11.10-py3-none-win_arm64.whl", hash = "sha256:ab2fa7d53f64b2716988e5caf78ea944216c507128bb71d27507e2ab5c9de762", size = 12021419, upload-time = "2026-06-01T19:38:08.053Z" },
]
